github.com/petar-arandjic/goerr v0.0.1 h1:41UOXi1KgIp+PQOKx+nrcDW/EdZ9tsyMok8SpEbT3Bk=
github.com/petar-arandjic/goerr v0.0.1/go.mod h1:pOtzrpoCK+ElGrBg//GNoW4AJVsFY8nZ6x0KKYFvOQE=
github.com/petar-arandjic/goerr v0.0.4 h1:W3g4nbcQJzcHWimDsFkl8/iMpCoH0QSl2Z07w922ESI=
github.com/petar-arandjic/goerr v0.0.4/go.mod h1:pOtzrpoCK+ElGrBg//GNoW4AJVsFY8nZ6x0KKYFvOQE=
